
Microsoft Visual Studio Solution File, Format Version 12.00
# Visual Studio Version 17
VisualStudioVersion = 17.12.35707.178 d17.12
MinimumVisualStudioVersion = 10.0.40219.1
Project("{FAE04EC0-301F-11D3-BF4B-00C04F79EFBC}") = "TechLibrary.Api", "TechLibrary.Api\TechLibrary.Api.csproj", "{8A6B889E-58B7-429B-8975-E7CE0CA13C8C}"
EndProject
Project("{FAE04EC0-301F-11D3-BF4B-00C04F79EFBC}") = "TechLibrary.Communication", "TechLibrary.Communication\TechLibrary.Communication.csproj", "{6B82C0F8-6463-4048-BF7E-EF0EC94D6EB1}"
EndProject
Project("{FAE04EC0-301F-11D3-BF4B-00C04F79EFBC}") = "TechLibrary.Exception", "TechLibrary.Exception\TechLibrary.Exception.csproj", "{CA5EF804-61A2-4A49-BCB8-56B4B3B4EB6A}"
EndProject
Global
	GlobalSection(SolutionConfigurationPlatforms) = preSolution
		Debug|Any CPU = Debug|Any CPU
		Release|Any CPU = Release|Any CPU
	EndGlobalSection
	GlobalSection(ProjectConfigurationPlatforms) = postSolution
		{8A6B889E-58B7-429B-8975-E7CE0CA13C8C}.Debug|Any CPU.ActiveCfg = Debug|Any CPU
		{8A6B889E-58B7-429B-8975-E7CE0CA13C8C}.Debug|Any CPU.Build.0 = Debug|Any CPU
		{8A6B889E-58B7-429B-8975-E7CE0CA13C8C}.Release|Any CPU.ActiveCfg = Release|Any CPU
		{8A6B889E-58B7-429B-8975-E7CE0CA13C8C}.Release|Any CPU.Build.0 = Release|Any CPU
		{6B82C0F8-6463-4048-BF7E-EF0EC94D6EB1}.Debug|Any CPU.ActiveCfg = Debug|Any CPU
		{6B82C0F8-6463-4048-BF7E-EF0EC94D6EB1}.Debug|Any CPU.Build.0 = Debug|Any CPU
		{6B82C0F8-6463-4048-BF7E-EF0EC94D6EB1}.Release|Any CPU.ActiveCfg = Release|Any CPU
		{6B82C0F8-6463-4048-BF7E-EF0EC94D6EB1}.Release|Any CPU.Build.0 = Release|Any CPU
		{CA5EF804-61A2-4A49-BCB8-56B4B3B4EB6A}.Debug|Any CPU.ActiveCfg = Debug|Any CPU
		{CA5EF804-61A2-4A49-BCB8-56B4B3B4EB6A}.Debug|Any CPU.Build.0 = Debug|Any CPU
		{CA5EF804-61A2-4A49-BCB8-56B4B3B4EB6A}.Release|Any CPU.ActiveCfg = Release|Any CPU
		{CA5EF804-61A2-4A49-BCB8-56B4B3B4EB6A}.Release|Any CPU.Build.0 = Release|Any CPU
	EndGlobalSection
	GlobalSection(SolutionProperties) = preSolution
		HideSolutionNode = FALSE
	EndGlobalSection
EndGlobal
